
Microsoft Visual Studio Solution File, Format Version 12.00
# Visual Studio Version 17
VisualStudioVersion = 17.3.32901.215
MinimumVisualStudioVersion = 10.0.40219.1
Project("{9A19103F-16F7-4668-BE54-9A1E7A4F7556}") = "TaskTracker", "TaskTracker.csproj", "{FB99129A-B0DE-4B1F-8980-AEF3806830F8}"
EndProject
Project("{FAE04EC0-301F-11D3-BF4B-00C04F79EFBC}") = "TaskTrackerDAL", "..\TaskTrackerDAL\TaskTrackerDAL.csproj", "{684E2C04-E75F-4FB7-9ECC-5D6851678F4F}"
EndProject
Project("{FAE04EC0-301F-11D3-BF4B-00C04F79EFBC}") = "TaskTrackerBLL", "..\TaskTrackerBLL\TaskTrackerBLL.csproj", "{B5C18D04-3477-4590-98D4-2DB988B2B8F3}"
EndProject
Global
	GlobalSection(SolutionConfigurationPlatforms) = preSolution
		Debug|Any CPU = Debug|Any CPU
		Release|Any CPU = Release|Any CPU
	EndGlobalSection
	GlobalSection(ProjectConfigurationPlatforms) = postSolution
		{FB99129A-B0DE-4B1F-8980-AEF3806830F8}.Debug|Any CPU.ActiveCfg = Debug|Any CPU
		{FB99129A-B0DE-4B1F-8980-AEF3806830F8}.Debug|Any CPU.Build.0 = Debug|Any CPU
		{FB99129A-B0DE-4B1F-8980-AEF3806830F8}.Release|Any CPU.ActiveCfg = Release|Any CPU
		{FB99129A-B0DE-4B1F-8980-AEF3806830F8}.Release|Any CPU.Build.0 = Release|Any CPU
		{684E2C04-E75F-4FB7-9ECC-5D6851678F4F}.Debug|Any CPU.ActiveCfg = Debug|Any CPU
		{684E2C04-E75F-4FB7-9ECC-5D6851678F4F}.Debug|Any CPU.Build.0 = Debug|Any CPU
		{684E2C04-E75F-4FB7-9ECC-5D6851678F4F}.Release|Any CPU.ActiveCfg = Release|Any CPU
		{684E2C04-E75F-4FB7-9ECC-5D6851678F4F}.Release|Any CPU.Build.0 = Release|Any CPU
		{B5C18D04-3477-4590-98D4-2DB988B2B8F3}.Debug|Any CPU.ActiveCfg = Debug|Any CPU
		{B5C18D04-3477-4590-98D4-2DB988B2B8F3}.Debug|Any CPU.Build.0 = Debug|Any CPU
		{B5C18D04-3477-4590-98D4-2DB988B2B8F3}.Release|Any CPU.ActiveCfg = Release|Any CPU
		{B5C18D04-3477-4590-98D4-2DB988B2B8F3}.Release|Any CPU.Build.0 = Release|Any CPU
	EndGlobalSection
	GlobalSection(SolutionProperties) = preSolution
		HideSolutionNode = FALSE
	EndGlobalSection
	GlobalSection(ExtensibilityGlobals) = postSolution
		SolutionGuid = {E11EFFA3-AF86-44F4-93AE-1609EB2190A0}
	EndGlobalSection
EndGlobal
